
Microsoft Visual Studio Solution File, Format Version 12.00
# Visual Studio Version 17
VisualStudioVersion = 17.3.32922.545
MinimumVisualStudioVersion = 10.0.40219.1
Project("{FAE04EC0-301F-11D3-BF4B-00C04F79EFBC}") = "PrirodnaLjekarnaa", "PrirodnaLjekarnaa\PrirodnaLjekarnaa.csproj", "{15C0F02C-0A44-4CAC-97B2-7474AC0E8982}"
EndProject
Global
	GlobalSection(SolutionConfigurationPlatforms) = preSolution
		Debug|Any CPU = Debug|Any CPU
		Release|Any CPU = Release|Any CPU
	EndGlobalSection
	GlobalSection(ProjectConfigurationPlatforms) = postSolution
		{15C0F02C-0A44-4CAC-97B2-7474AC0E8982}.Debug|Any CPU.ActiveCfg = Debug|Any CPU
		{15C0F02C-0A44-4CAC-97B2-7474AC0E8982}.Debug|Any CPU.Build.0 = Debug|Any CPU
		{15C0F02C-0A44-4CAC-97B2-7474AC0E8982}.Release|Any CPU.ActiveCfg = Release|Any CPU
		{15C0F02C-0A44-4CAC-97B2-7474AC0E8982}.Release|Any CPU.Build.0 = Release|Any CPU
	EndGlobalSection
	GlobalSection(SolutionProperties) = preSolution
		HideSolutionNode = FALSE
	EndGlobalSection
	GlobalSection(ExtensibilityGlobals) = postSolution
		SolutionGuid = {7B867414-93CC-47C3-8BB2-D7921356904C}
	EndGlobalSection
EndGlobal
